
Microsoft Visual Studio Solution File, Format Version 12.00
# Visual Studio Version 17
VisualStudioVersion = 17.6.33829.357
MinimumVisualStudioVersion = 10.0.40219.1
Project("{2150E333-8FDC-42A3-9474-1A3956D46DE8}") = "Core", "Core", "{D779F2E2-0D6C-4299-999F-3F40043DA29B}"
EndProject
Project("{2150E333-8FDC-42A3-9474-1A3956D46DE8}") = "Infrastructure", "Infrastructure", "{6A495B06-3D7A-4CBC-A687-415A998A34FB}"
EndProject
Project("{2150E333-8FDC-42A3-9474-1A3956D46DE8}") = "Presentation", "Presentation", "{EC67A953-5B79-43E2-BF57-CF8278528F22}"
EndProject
Project("{9A19103F-16F7-4668-BE54-9A1E7A4F7556}") = "EHR365.WebApi", "EHR365.WebApi\EHR365.WebApi.csproj", "{A4126FC4-FB4F-426B-A64C-BA16981617DF}"
EndProject
Project("{9A19103F-16F7-4668-BE54-9A1E7A4F7556}") = "EHR365.LoggerServices", "EHR365.LoggerServices\EHR365.LoggerServices.csproj", "{25D5420E-2D31-4C5B-8724-071F8CBF2CDE}"
EndProject
Project("{9A19103F-16F7-4668-BE54-9A1E7A4F7556}") = "EHR365.Application", "EHR365.Application\EHR365.Application.csproj", "{B5CA2646-1F9A-40A0-AB66-D291831129BA}"
EndProject
Project("{9A19103F-16F7-4668-BE54-9A1E7A4F7556}") = "EHR365.Domain", "EHR365.Domain\EHR365.Domain.csproj", "{FA85AC1E-C59D-4B0F-B7B0-9BD63A46C3F5}"
EndProject
Project("{9A19103F-16F7-4668-BE54-9A1E7A4F7556}") = "EHR.DataPersistence", "EHR.DataPersistence\EHR.DataPersistence.csproj", "{EB0F2524-A664-4C69-88E0-DF0EB6AEFB47}"
EndProject
Project("{9A19103F-16F7-4668-BE54-9A1E7A4F7556}") = "EHR.Service.Contractds", "EHR.Service.Contractds\EHR.Service.Contractds.csproj", "{00490C76-6BA1-40EE-9C47-4E007C4951EF}"
EndProject
Project("{FAE04EC0-301F-11D3-BF4B-00C04F79EFBC}") = "EHR.Services", "EHR.Services\EHR.Services.csproj", "{F1ED8D15-960A-43A2-B394-9651D9473BF9}"
EndProject
Project("{FAE04EC0-301F-11D3-BF4B-00C04F79EFBC}") = "EHR.DataManager", "EHR.DataManager\EHR.DataManager.csproj", "{2C59699E-A84A-4E3E-BF4E-97A274AA6434}"
EndProject
Global
	GlobalSection(SolutionConfigurationPlatforms) = preSolution
		Debug|Any CPU = Debug|Any CPU
		Release|Any CPU = Release|Any CPU
	EndGlobalSection
	GlobalSection(ProjectConfigurationPlatforms) = postSolution
		{A4126FC4-FB4F-426B-A64C-BA16981617DF}.Debug|Any CPU.ActiveCfg = Debug|Any CPU
		{A4126FC4-FB4F-426B-A64C-BA16981617DF}.Debug|Any CPU.Build.0 = Debug|Any CPU
		{A4126FC4-FB4F-426B-A64C-BA16981617DF}.Release|Any CPU.ActiveCfg = Release|Any CPU
		{A4126FC4-FB4F-426B-A64C-BA16981617DF}.Release|Any CPU.Build.0 = Release|Any CPU
		{25D5420E-2D31-4C5B-8724-071F8CBF2CDE}.Debug|Any CPU.ActiveCfg = Debug|Any CPU
		{25D5420E-2D31-4C5B-8724-071F8CBF2CDE}.Debug|Any CPU.Build.0 = Debug|Any CPU
		{25D5420E-2D31-4C5B-8724-071F8CBF2CDE}.Release|Any CPU.ActiveCfg = Release|Any CPU
		{25D5420E-2D31-4C5B-8724-071F8CBF2CDE}.Release|Any CPU.Build.0 = Release|Any CPU
		{B5CA2646-1F9A-40A0-AB66-D291831129BA}.Debug|Any CPU.ActiveCfg = Debug|Any CPU
		{B5CA2646-1F9A-40A0-AB66-D291831129BA}.Debug|Any CPU.Build.0 = Debug|Any CPU
		{B5CA2646-1F9A-40A0-AB66-D291831129BA}.Release|Any CPU.ActiveCfg = Release|Any CPU
		{B5CA2646-1F9A-40A0-AB66-D291831129BA}.Release|Any CPU.Build.0 = Release|Any CPU
		{FA85AC1E-C59D-4B0F-B7B0-9BD63A46C3F5}.Debug|Any CPU.ActiveCfg = Debug|Any CPU
		{FA85AC1E-C59D-4B0F-B7B0-9BD63A46C3F5}.Debug|Any CPU.Build.0 = Debug|Any CPU
		{FA85AC1E-C59D-4B0F-B7B0-9BD63A46C3F5}.Release|Any CPU.ActiveCfg = Release|Any CPU
		{FA85AC1E-C59D-4B0F-B7B0-9BD63A46C3F5}.Release|Any CPU.Build.0 = Release|Any CPU
		{EB0F2524-A664-4C69-88E0-DF0EB6AEFB47}.Debug|Any CPU.ActiveCfg = Debug|Any CPU
		{EB0F2524-A664-4C69-88E0-DF0EB6AEFB47}.Debug|Any CPU.Build.0 = Debug|Any CPU
		{EB0F2524-A664-4C69-88E0-DF0EB6AEFB47}.Release|Any CPU.ActiveCfg = Release|Any CPU
		{EB0F2524-A664-4C69-88E0-DF0EB6AEFB47}.Release|Any CPU.Build.0 = Release|Any CPU
		{00490C76-6BA1-40EE-9C47-4E007C4951EF}.Debug|Any CPU.ActiveCfg = Debug|Any CPU
		{00490C76-6BA1-40EE-9C47-4E007C4951EF}.Debug|Any CPU.Build.0 = Debug|Any CPU
		{00490C76-6BA1-40EE-9C47-4E007C4951EF}.Release|Any CPU.ActiveCfg = Release|Any CPU
		{00490C76-6BA1-40EE-9C47-4E007C4951EF}.Release|Any CPU.Build.0 = Release|Any CPU
		{F1ED8D15-960A-43A2-B394-9651D9473BF9}.Debug|Any CPU.ActiveCfg = Debug|Any CPU
		{F1ED8D15-960A-43A2-B394-9651D9473BF9}.Debug|Any CPU.Build.0 = Debug|Any CPU
		{F1ED8D15-960A-43A2-B394-9651D9473BF9}.Release|Any CPU.ActiveCfg = Release|Any CPU
		{F1ED8D15-960A-43A2-B394-9651D9473BF9}.Release|Any CPU.Build.0 = Release|Any CPU
		{2C59699E-A84A-4E3E-BF4E-97A274AA6434}.Debug|Any CPU.ActiveCfg = Debug|Any CPU
		{2C59699E-A84A-4E3E-BF4E-97A274AA6434}.Debug|Any CPU.Build.0 = Debug|Any CPU
		{2C59699E-A84A-4E3E-BF4E-97A274AA6434}.Release|Any CPU.ActiveCfg = Release|Any CPU
		{2C59699E-A84A-4E3E-BF4E-97A274AA6434}.Release|Any CPU.Build.0 = Release|Any CPU
	EndGlobalSection
	GlobalSection(SolutionProperties) = preSolution
		HideSolutionNode = FALSE
	EndGlobalSection
	GlobalSection(NestedProjects) = preSolution
		{A4126FC4-FB4F-426B-A64C-BA16981617DF} = {EC67A953-5B79-43E2-BF57-CF8278528F22}
		{25D5420E-2D31-4C5B-8724-071F8CBF2CDE} = {D779F2E2-0D6C-4299-999F-3F40043DA29B}
		{B5CA2646-1F9A-40A0-AB66-D291831129BA} = {D779F2E2-0D6C-4299-999F-3F40043DA29B}
		{FA85AC1E-C59D-4B0F-B7B0-9BD63A46C3F5} = {D779F2E2-0D6C-4299-999F-3F40043DA29B}
		{EB0F2524-A664-4C69-88E0-DF0EB6AEFB47} = {6A495B06-3D7A-4CBC-A687-415A998A34FB}
		{00490C76-6BA1-40EE-9C47-4E007C4951EF} = {6A495B06-3D7A-4CBC-A687-415A998A34FB}
		{F1ED8D15-960A-43A2-B394-9651D9473BF9} = {6A495B06-3D7A-4CBC-A687-415A998A34FB}
		{2C59699E-A84A-4E3E-BF4E-97A274AA6434} = {EC67A953-5B79-43E2-BF57-CF8278528F22}
	EndGlobalSection
	GlobalSection(ExtensibilityGlobals) = postSolution
		SolutionGuid = {DD2D4F03-0AC8-4B01-8832-82477FE79F03}
	EndGlobalSection
EndGlobal
